
Microsoft Visual Studio Solution File, Format Version 12.00
# Visual Studio 15
VisualStudioVersion = 15.0.28010.2046
MinimumVisualStudioVersion = 10.0.40219.1
Project("{FAE04EC0-301F-11D3-BF4B-00C04F79EFBC}") = "App4.Android", "App4\App4.Android\App4.Android.csproj", "{C96D672D-FB7F-4673-A89D-93B39053B980}"
EndProject
Project("{FAE04EC0-301F-11D3-BF4B-00C04F79EFBC}") = "App4.iOS", "App4\App4.iOS\App4.iOS.csproj", "{EC157B6C-4E3A-45C0-BEF3-9D229CEFCE5E}"
EndProject
Project("{FAE04EC0-301F-11D3-BF4B-00C04F79EFBC}") = "App4.UWP", "App4\App4.UWP\App4.UWP.csproj", "{B17B89E5-C2A8-41D3-A751-3E08F8C8A3EB}"
EndProject
Project("{FAE04EC0-301F-11D3-BF4B-00C04F79EFBC}") = "App4", "App4\App4\App4.csproj", "{B22A54A7-A725-4277-A237-BCF599473888}"
EndProject
Global
	GlobalSection(SolutionConfigurationPlatforms) = preSolution
		Debug|Any CPU = Debug|Any CPU
		Debug|ARM = Debug|ARM
		Debug|iPhone = Debug|iPhone
		Debug|iPhoneSimulator = Debug|iPhoneSimulator
		Debug|x64 = Debug|x64
		Debug|x86 = Debug|x86
		Release|Any CPU = Release|Any CPU
		Release|ARM = Release|ARM
		Release|iPhone = Release|iPhone
		Release|iPhoneSimulator = Release|iPhoneSimulator
		Release|x64 = Release|x64
		Release|x86 = Release|x86
	EndGlobalSection
	GlobalSection(ProjectConfigurationPlatforms) = postSolution
		{C96D672D-FB7F-4673-A89D-93B39053B980}.Debug|Any CPU.ActiveCfg = Debug|Any CPU
		{C96D672D-FB7F-4673-A89D-93B39053B980}.Debug|Any CPU.Build.0 = Debug|Any CPU
		{C96D672D-FB7F-4673-A89D-93B39053B980}.Debug|Any CPU.Deploy.0 = Debug|Any CPU
		{C96D672D-FB7F-4673-A89D-93B39053B980}.Debug|ARM.ActiveCfg = Debug|Any CPU
		{C96D672D-FB7F-4673-A89D-93B39053B980}.Debug|ARM.Build.0 = Debug|Any CPU
		{C96D672D-FB7F-4673-A89D-93B39053B980}.Debug|ARM.Deploy.0 = Debug|Any CPU
		{C96D672D-FB7F-4673-A89D-93B39053B980}.Debug|iPhone.ActiveCfg = Debug|Any CPU
		{C96D672D-FB7F-4673-A89D-93B39053B980}.Debug|iPhone.Build.0 = Debug|Any CPU
		{C96D672D-FB7F-4673-A89D-93B39053B980}.Debug|iPhone.Deploy.0 = Debug|Any CPU
		{C96D672D-FB7F-4673-A89D-93B39053B980}.Debug|iPhoneSimulator.ActiveCfg = Debug|Any CPU
		{C96D672D-FB7F-4673-A89D-93B39053B980}.Debug|iPhoneSimulator.Build.0 = Debug|Any CPU
		{C96D672D-FB7F-4673-A89D-93B39053B980}.Debug|iPhoneSimulator.Deploy.0 = Debug|Any CPU
		{C96D672D-FB7F-4673-A89D-93B39053B980}.Debug|x64.ActiveCfg = Debug|Any CPU
		{C96D672D-FB7F-4673-A89D-93B39053B980}.Debug|x64.Build.0 = Debug|Any CPU
		{C96D672D-FB7F-4673-A89D-93B39053B980}.Debug|x64.Deploy.0 = Debug|Any CPU
		{C96D672D-FB7F-4673-A89D-93B39053B980}.Debug|x86.ActiveCfg = Debug|Any CPU
		{C96D672D-FB7F-4673-A89D-93B39053B980}.Debug|x86.Build.0 = Debug|Any CPU
		{C96D672D-FB7F-4673-A89D-93B39053B980}.Debug|x86.Deploy.0 = Debug|Any CPU
		{C96D672D-FB7F-4673-A89D-93B39053B980}.Release|Any CPU.ActiveCfg = Release|Any CPU
		{C96D672D-FB7F-4673-A89D-93B39053B980}.Release|Any CPU.Build.0 = Release|Any CPU
		{C96D672D-FB7F-4673-A89D-93B39053B980}.Release|Any CPU.Deploy.0 = Release|Any CPU
		{C96D672D-FB7F-4673-A89D-93B39053B980}.Release|ARM.ActiveCfg = Release|Any CPU
		{C96D672D-FB7F-4673-A89D-93B39053B980}.Release|ARM.Build.0 = Release|Any CPU
		{C96D672D-FB7F-4673-A89D-93B39053B980}.Release|ARM.Deploy.0 = Release|Any CPU
		{C96D672D-FB7F-4673-A89D-93B39053B980}.Release|iPhone.ActiveCfg = Release|Any CPU
		{C96D672D-FB7F-4673-A89D-93B39053B980}.Release|iPhone.Build.0 = Release|Any CPU
		{C96D672D-FB7F-4673-A89D-93B39053B980}.Release|iPhone.Deploy.0 = Release|Any CPU
		{C96D672D-FB7F-4673-A89D-93B39053B980}.Release|iPhoneSimulator.ActiveCfg = Release|Any CPU
		{C96D672D-FB7F-4673-A89D-93B39053B980}.Release|iPhoneSimulator.Build.0 = Release|Any CPU
		{C96D672D-FB7F-4673-A89D-93B39053B980}.Release|iPhoneSimulator.Deploy.0 = Release|Any CPU
		{C96D672D-FB7F-4673-A89D-93B39053B980}.Release|x64.ActiveCfg = Release|Any CPU
		{C96D672D-FB7F-4673-A89D-93B39053B980}.Release|x64.Build.0 = Release|Any CPU
		{C96D672D-FB7F-4673-A89D-93B39053B980}.Release|x64.Deploy.0 = Release|Any CPU
		{C96D672D-FB7F-4673-A89D-93B39053B980}.Release|x86.ActiveCfg = Release|Any CPU
		{C96D672D-FB7F-4673-A89D-93B39053B980}.Release|x86.Build.0 = Release|Any CPU
		{C96D672D-FB7F-4673-A89D-93B39053B980}.Release|x86.Deploy.0 = Release|Any CPU
		{EC157B6C-4E3A-45C0-BEF3-9D229CEFCE5E}.Debug|Any CPU.ActiveCfg = Debug|iPhoneSimulator
		{EC157B6C-4E3A-45C0-BEF3-9D229CEFCE5E}.Debug|Any CPU.Build.0 = Debug|iPhoneSimulator
		{EC157B6C-4E3A-45C0-BEF3-9D229CEFCE5E}.Debug|Any CPU.Deploy.0 = Debug|iPhoneSimulator
		{EC157B6C-4E3A-45C0-BEF3-9D229CEFCE5E}.Debug|ARM.ActiveCfg = Debug|iPhone
		{EC157B6C-4E3A-45C0-BEF3-9D229CEFCE5E}.Debug|ARM.Build.0 = Debug|iPhone
		{EC157B6C-4E3A-45C0-BEF3-9D229CEFCE5E}.Debug|ARM.Deploy.0 = Debug|iPhone
		{EC157B6C-4E3A-45C0-BEF3-9D229CEFCE5E}.Debug|iPhone.ActiveCfg = Debug|iPhone
		{EC157B6C-4E3A-45C0-BEF3-9D229CEFCE5E}.Debug|iPhone.Build.0 = Debug|iPhone
		{EC157B6C-4E3A-45C0-BEF3-9D229CEFCE5E}.Debug|iPhone.Deploy.0 = Debug|iPhone
		{EC157B6C-4E3A-45C0-BEF3-9D229CEFCE5E}.Debug|iPhoneSimulator.ActiveCfg = Debug|iPhoneSimulator
		{EC157B6C-4E3A-45C0-BEF3-9D229CEFCE5E}.Debug|iPhoneSimulator.Build.0 = Debug|iPhoneSimulator
		{EC157B6C-4E3A-45C0-BEF3-9D229CEFCE5E}.Debug|iPhoneSimulator.Deploy.0 = Debug|iPhoneSimulator
		{EC157B6C-4E3A-45C0-BEF3-9D229CEFCE5E}.Debug|x64.ActiveCfg = Debug|iPhone
		{EC157B6C-4E3A-45C0-BEF3-9D229CEFCE5E}.Debug|x64.Build.0 = Debug|iPhone
		{EC157B6C-4E3A-45C0-BEF3-9D229CEFCE5E}.Debug|x64.Deploy.0 = Debug|iPhone
		{EC157B6C-4E3A-45C0-BEF3-9D229CEFCE5E}.Debug|x86.ActiveCfg = Debug|iPhone
		{EC157B6C-4E3A-45C0-BEF3-9D229CEFCE5E}.Debug|x86.Build.0 = Debug|iPhone
		{EC157B6C-4E3A-45C0-BEF3-9D229CEFCE5E}.Debug|x86.Deploy.0 = Debug|iPhone
		{EC157B6C-4E3A-45C0-BEF3-9D229CEFCE5E}.Release|Any CPU.ActiveCfg = Release|iPhone
		{EC157B6C-4E3A-45C0-BEF3-9D229CEFCE5E}.Release|Any CPU.Build.0 = Release|iPhone
		{EC157B6C-4E3A-45C0-BEF3-9D229CEFCE5E}.Release|Any CPU.Deploy.0 = Release|iPhone
		{EC157B6C-4E3A-45C0-BEF3-9D229CEFCE5E}.Release|ARM.ActiveCfg = Release|iPhone
		{EC157B6C-4E3A-45C0-BEF3-9D229CEFCE5E}.Release|ARM.Build.0 = Release|iPhone
		{EC157B6C-4E3A-45C0-BEF3-9D229CEFCE5E}.Release|ARM.Deploy.0 = Release|iPhone
		{EC157B6C-4E3A-45C0-BEF3-9D229CEFCE5E}.Release|iPhone.ActiveCfg = Release|iPhone
		{EC157B6C-4E3A-45C0-BEF3-9D229CEFCE5E}.Release|iPhone.Build.0 = Release|iPhone
		{EC157B6C-4E3A-45C0-BEF3-9D229CEFCE5E}.Release|iPhone.Deploy.0 = Release|iPhone
		{EC157B6C-4E3A-45C0-BEF3-9D229CEFCE5E}.Release|iPhoneSimulator.ActiveCfg = Release|iPhoneSimulator
		{EC157B6C-4E3A-45C0-BEF3-9D229CEFCE5E}.Release|iPhoneSimulator.Build.0 = Release|iPhoneSimulator
		{EC157B6C-4E3A-45C0-BEF3-9D229CEFCE5E}.Release|iPhoneSimulator.Deploy.0 = Release|iPhoneSimulator
		{EC157B6C-4E3A-45C0-BEF3-9D229CEFCE5E}.Release|x64.ActiveCfg = Release|iPhone
		{EC157B6C-4E3A-45C0-BEF3-9D229CEFCE5E}.Release|x64.Build.0 = Release|iPhone
		{EC157B6C-4E3A-45C0-BEF3-9D229CEFCE5E}.Release|x64.Deploy.0 = Release|iPhone
		{EC157B6C-4E3A-45C0-BEF3-9D229CEFCE5E}.Release|x86.ActiveCfg = Release|iPhone
		{EC157B6C-4E3A-45C0-BEF3-9D229CEFCE5E}.Release|x86.Build.0 = Release|iPhone
		{EC157B6C-4E3A-45C0-BEF3-9D229CEFCE5E}.Release|x86.Deploy.0 = Release|iPhone
		{B17B89E5-C2A8-41D3-A751-3E08F8C8A3EB}.Debug|Any CPU.ActiveCfg = Debug|x86
		{B17B89E5-C2A8-41D3-A751-3E08F8C8A3EB}.Debug|Any CPU.Build.0 = Debug|x86
		{B17B89E5-C2A8-41D3-A751-3E08F8C8A3EB}.Debug|Any CPU.Deploy.0 = Debug|x86
		{B17B89E5-C2A8-41D3-A751-3E08F8C8A3EB}.Debug|ARM.ActiveCfg = Debug|ARM
		{B17B89E5-C2A8-41D3-A751-3E08F8C8A3EB}.Debug|ARM.Build.0 = Debug|ARM
		{B17B89E5-C2A8-41D3-A751-3E08F8C8A3EB}.Debug|ARM.Deploy.0 = Debug|ARM
		{B17B89E5-C2A8-41D3-A751-3E08F8C8A3EB}.Debug|iPhone.ActiveCfg = Debug|x86
		{B17B89E5-C2A8-41D3-A751-3E08F8C8A3EB}.Debug|iPhone.Build.0 = Debug|x86
		{B17B89E5-C2A8-41D3-A751-3E08F8C8A3EB}.Debug|iPhone.Deploy.0 = Debug|x86
		{B17B89E5-C2A8-41D3-A751-3E08F8C8A3EB}.Debug|iPhoneSimulator.ActiveCfg = Debug|x86
		{B17B89E5-C2A8-41D3-A751-3E08F8C8A3EB}.Debug|iPhoneSimulator.Build.0 = Debug|x86
		{B17B89E5-C2A8-41D3-A751-3E08F8C8A3EB}.Debug|iPhoneSimulator.Deploy.0 = Debug|x86
		{B17B89E5-C2A8-41D3-A751-3E08F8C8A3EB}.Debug|x64.ActiveCfg = Debug|x64
		{B17B89E5-C2A8-41D3-A751-3E08F8C8A3EB}.Debug|x64.Build.0 = Debug|x64
		{B17B89E5-C2A8-41D3-A751-3E08F8C8A3EB}.Debug|x64.Deploy.0 = Debug|x64
		{B17B89E5-C2A8-41D3-A751-3E08F8C8A3EB}.Debug|x86.ActiveCfg = Debug|x86
		{B17B89E5-C2A8-41D3-A751-3E08F8C8A3EB}.Debug|x86.Build.0 = Debug|x86
		{B17B89E5-C2A8-41D3-A751-3E08F8C8A3EB}.Debug|x86.Deploy.0 = Debug|x86
		{B17B89E5-C2A8-41D3-A751-3E08F8C8A3EB}.Release|Any CPU.ActiveCfg = Release|x86
		{B17B89E5-C2A8-41D3-A751-3E08F8C8A3EB}.Release|Any CPU.Build.0 = Release|x86
		{B17B89E5-C2A8-41D3-A751-3E08F8C8A3EB}.Release|Any CPU.Deploy.0 = Release|x86
		{B17B89E5-C2A8-41D3-A751-3E08F8C8A3EB}.Release|ARM.ActiveCfg = Release|ARM
		{B17B89E5-C2A8-41D3-A751-3E08F8C8A3EB}.Release|ARM.Build.0 = Release|ARM
		{B17B89E5-C2A8-41D3-A751-3E08F8C8A3EB}.Release|ARM.Deploy.0 = Release|ARM
		{B17B89E5-C2A8-41D3-A751-3E08F8C8A3EB}.Release|iPhone.ActiveCfg = Release|x86
		{B17B89E5-C2A8-41D3-A751-3E08F8C8A3EB}.Release|iPhone.Build.0 = Release|x86
		{B17B89E5-C2A8-41D3-A751-3E08F8C8A3EB}.Release|iPhone.Deploy.0 = Release|x86
		{B17B89E5-C2A8-41D3-A751-3E08F8C8A3EB}.Release|iPhoneSimulator.ActiveCfg = Release|x86
		{B17B89E5-C2A8-41D3-A751-3E08F8C8A3EB}.Release|iPhoneSimulator.Build.0 = Release|x86
		{B17B89E5-C2A8-41D3-A751-3E08F8C8A3EB}.Release|iPhoneSimulator.Deploy.0 = Release|x86
		{B17B89E5-C2A8-41D3-A751-3E08F8C8A3EB}.Release|x64.ActiveCfg = Release|x64
		{B17B89E5-C2A8-41D3-A751-3E08F8C8A3EB}.Release|x64.Build.0 = Release|x64
		{B17B89E5-C2A8-41D3-A751-3E08F8C8A3EB}.Release|x64.Deploy.0 = Release|x64
		{B17B89E5-C2A8-41D3-A751-3E08F8C8A3EB}.Release|x86.ActiveCfg = Release|x86
		{B17B89E5-C2A8-41D3-A751-3E08F8C8A3EB}.Release|x86.Build.0 = Release|x86
		{B17B89E5-C2A8-41D3-A751-3E08F8C8A3EB}.Release|x86.Deploy.0 = Release|x86
		{B22A54A7-A725-4277-A237-BCF599473888}.Debug|Any CPU.ActiveCfg = Debug|Any CPU
		{B22A54A7-A725-4277-A237-BCF599473888}.Debug|Any CPU.Build.0 = Debug|Any CPU
		{B22A54A7-A725-4277-A237-BCF599473888}.Debug|Any CPU.Deploy.0 = Debug|Any CPU
		{B22A54A7-A725-4277-A237-BCF599473888}.Debug|ARM.ActiveCfg = Debug|Any CPU
		{B22A54A7-A725-4277-A237-BCF599473888}.Debug|ARM.Build.0 = Debug|Any CPU
		{B22A54A7-A725-4277-A237-BCF599473888}.Debug|ARM.Deploy.0 = Debug|Any CPU
		{B22A54A7-A725-4277-A237-BCF599473888}.Debug|iPhone.ActiveCfg = Debug|Any CPU
		{B22A54A7-A725-4277-A237-BCF599473888}.Debug|iPhone.Build.0 = Debug|Any CPU
		{B22A54A7-A725-4277-A237-BCF599473888}.Debug|iPhone.Deploy.0 = Debug|Any CPU
		{B22A54A7-A725-4277-A237-BCF599473888}.Debug|iPhoneSimulator.ActiveCfg = Debug|Any CPU
		{B22A54A7-A725-4277-A237-BCF599473888}.Debug|iPhoneSimulator.Build.0 = Debug|Any CPU
		{B22A54A7-A725-4277-A237-BCF599473888}.Debug|iPhoneSimulator.Deploy.0 = Debug|Any CPU
		{B22A54A7-A725-4277-A237-BCF599473888}.Debug|x64.ActiveCfg = Debug|Any CPU
		{B22A54A7-A725-4277-A237-BCF599473888}.Debug|x64.Build.0 = Debug|Any CPU
		{B22A54A7-A725-4277-A237-BCF599473888}.Debug|x64.Deploy.0 = Debug|Any CPU
		{B22A54A7-A725-4277-A237-BCF599473888}.Debug|x86.ActiveCfg = Debug|Any CPU
		{B22A54A7-A725-4277-A237-BCF599473888}.Debug|x86.Build.0 = Debug|Any CPU
		{B22A54A7-A725-4277-A237-BCF599473888}.Debug|x86.Deploy.0 = Debug|Any CPU
		{B22A54A7-A725-4277-A237-BCF599473888}.Release|Any CPU.ActiveCfg = Release|Any CPU
		{B22A54A7-A725-4277-A237-BCF599473888}.Release|Any CPU.Build.0 = Release|Any CPU
		{B22A54A7-A725-4277-A237-BCF599473888}.Release|Any CPU.Deploy.0 = Release|Any CPU
		{B22A54A7-A725-4277-A237-BCF599473888}.Release|ARM.ActiveCfg = Release|Any CPU
		{B22A54A7-A725-4277-A237-BCF599473888}.Release|ARM.Build.0 = Release|Any CPU
		{B22A54A7-A725-4277-A237-BCF599473888}.Release|ARM.Deploy.0 = Release|Any CPU
		{B22A54A7-A725-4277-A237-BCF599473888}.Release|iPhone.ActiveCfg = Release|Any CPU
		{B22A54A7-A725-4277-A237-BCF599473888}.Release|iPhone.Build.0 = Release|Any CPU
		{B22A54A7-A725-4277-A237-BCF599473888}.Release|iPhone.Deploy.0 = Release|Any CPU
		{B22A54A7-A725-4277-A237-BCF599473888}.Release|iPhoneSimulator.ActiveCfg = Release|Any CPU
		{B22A54A7-A725-4277-A237-BCF599473888}.Release|iPhoneSimulator.Build.0 = Release|Any CPU
		{B22A54A7-A725-4277-A237-BCF599473888}.Release|iPhoneSimulator.Deploy.0 = Release|Any CPU
		{B22A54A7-A725-4277-A237-BCF599473888}.Release|x64.ActiveCfg = Release|Any CPU
		{B22A54A7-A725-4277-A237-BCF599473888}.Release|x64.Build.0 = Release|Any CPU
		{B22A54A7-A725-4277-A237-BCF599473888}.Release|x64.Deploy.0 = Release|Any CPU
		{B22A54A7-A725-4277-A237-BCF599473888}.Release|x86.ActiveCfg = Release|Any CPU
		{B22A54A7-A725-4277-A237-BCF599473888}.Release|x86.Build.0 = Release|Any CPU
		{B22A54A7-A725-4277-A237-BCF599473888}.Release|x86.Deploy.0 = Release|Any CPU
	EndGlobalSection
	GlobalSection(SolutionProperties) = preSolution
		HideSolutionNode = FALSE
	EndGlobalSection
	GlobalSection(ExtensibilityGlobals) = postSolution
		SolutionGuid = {73107379-50D0-4E3C-9AE3-6C407694E207}
	EndGlobalSection
EndGlobal
